
Microsoft Visual Studio Solution File, Format Version 12.00
# Visual Studio Version 17
VisualStudioVersion = 17.2.32630.192
MinimumVisualStudioVersion = 10.0.40219.1
Project("{9092AA53-FB77-4645-B42D-1CCCA6BD08BD}") = "VisitorsNodeJs", "VisitorsNodeJs\VisitorsNodeJs.njsproj", "{9DE7B25E-ED19-4EB6-AF8A-27DCC70EE02A}"
EndProject
Project("{9092AA53-FB77-4645-B42D-1CCCA6BD08BD}") = "VisitorsExpress", "VisitorsExpress\VisitorsExpress.njsproj", "{DED0CBAD-B4BD-4F2F-94A4-42F4F6E71F31}"
EndProject
Project("{9092AA53-FB77-4645-B42D-1CCCA6BD08BD}") = "VisitorsManagement", "VisitorsManagement\VisitorsManagement.njsproj", "{DA390E6B-614B-4D9B-9F2F-C01B00BED326}"
EndProject
Project("{FAE04EC0-301F-11D3-BF4B-00C04F79EFBC}") = "VisitorManagement", "VisitorManagement\VisitorManagement.csproj", "{D43503D9-48F8-4625-B274-0381F0C79979}"
EndProject
Global
	GlobalSection(SolutionConfigurationPlatforms) = preSolution
		Debug|Any CPU = Debug|Any CPU
		Release|Any CPU = Release|Any CPU
	EndGlobalSection
	GlobalSection(ProjectConfigurationPlatforms) = postSolution
		{9DE7B25E-ED19-4EB6-AF8A-27DCC70EE02A}.Debug|Any CPU.ActiveCfg = Debug|Any CPU
		{9DE7B25E-ED19-4EB6-AF8A-27DCC70EE02A}.Debug|Any CPU.Build.0 = Debug|Any CPU
		{9DE7B25E-ED19-4EB6-AF8A-27DCC70EE02A}.Release|Any CPU.ActiveCfg = Release|Any CPU
		{9DE7B25E-ED19-4EB6-AF8A-27DCC70EE02A}.Release|Any CPU.Build.0 = Release|Any CPU
		{DED0CBAD-B4BD-4F2F-94A4-42F4F6E71F31}.Debug|Any CPU.ActiveCfg = Debug|Any CPU
		{DED0CBAD-B4BD-4F2F-94A4-42F4F6E71F31}.Debug|Any CPU.Build.0 = Debug|Any CPU
		{DED0CBAD-B4BD-4F2F-94A4-42F4F6E71F31}.Release|Any CPU.ActiveCfg = Release|Any CPU
		{DED0CBAD-B4BD-4F2F-94A4-42F4F6E71F31}.Release|Any CPU.Build.0 = Release|Any CPU
		{DA390E6B-614B-4D9B-9F2F-C01B00BED326}.Debug|Any CPU.ActiveCfg = Debug|Any CPU
		{DA390E6B-614B-4D9B-9F2F-C01B00BED326}.Debug|Any CPU.Build.0 = Debug|Any CPU
		{DA390E6B-614B-4D9B-9F2F-C01B00BED326}.Release|Any CPU.ActiveCfg = Release|Any CPU
		{DA390E6B-614B-4D9B-9F2F-C01B00BED326}.Release|Any CPU.Build.0 = Release|Any CPU
		{D43503D9-48F8-4625-B274-0381F0C79979}.Debug|Any CPU.ActiveCfg = Debug|Any CPU
		{D43503D9-48F8-4625-B274-0381F0C79979}.Debug|Any CPU.Build.0 = Debug|Any CPU
		{D43503D9-48F8-4625-B274-0381F0C79979}.Release|Any CPU.ActiveCfg = Release|Any CPU
		{D43503D9-48F8-4625-B274-0381F0C79979}.Release|Any CPU.Build.0 = Release|Any CPU
	EndGlobalSection
	GlobalSection(SolutionProperties) = preSolution
		HideSolutionNode = FALSE
	EndGlobalSection
	GlobalSection(ExtensibilityGlobals) = postSolution
		SolutionGuid = {E64ADFB7-C556-4575-BDEA-F1E2ABE8D77F}
	EndGlobalSection
EndGlobal
